{
  "originHash" : "b5b2031ef20f48d1ccaa9a6cc0c89d9a41b4b58f14db12fe88f9724ad3d0256d",
  "pins" : [
    {
      "identity" : "p42-extensions",
      "kind" : "remoteSourceControl",
      "location" : "git@github.com:platform-42/P42-extensions.git",
      "state" : {
        "branch" : "main",
        "revision" : "8861f607b9d0632b0b44d9154d0de4a53c195152"
      }
    }
  ],
  "version" : 3
}
