{
  "originHash" : "e63e316692962aac417832c1b331ca4c6dc287fbc115bdc6c3e21b8c1c5918c2",
  "pins" : [
    {
      "identity" : "p42extensions",
      "kind" : "remoteSourceControl",
      "location" : "https://github.com/platform-42/P42Extensions.git",
      "state" : {
        "revision" : "cfa117a1a6fc1f88861dd04bdcf11b7aa346ad9b",
        "version" : "6.0.0"
      }
    }
  ],
  "version" : 3
}
